// !$*UTF8*$!
{
	archiveVersion = 1;
	classes = {
	};
	objectVersion = 46;
	objects = {

/* Begin PBXBuildFile section */
		713A8F934C300243D5BA7A21 /* Pods_rainy.framework in Frameworks */ = {isa = PBXBuildFile; fileRef = 1ACC4441ACDDFFEFEACB2EAF /* Pods_rainy.framework */; };
		BF4712311EDC33F000C52E29 /* Constants.swift in Sources */ = {isa = PBXBuildFile; fileRef = BF4712301EDC33F000C52E29 /* Constants.swift */; };
		BF4712331EDC359F00C52E29 /* CurrentWeather.swift in Sources */ = {isa = PBXBuildFile; fileRef = BF4712321EDC359F00C52E29 /* CurrentWeather.swift */; };
		BF4712351EDC4C3500C52E29 /* Forecast.swift in Sources */ = {isa = PBXBuildFile; fileRef = BF4712341EDC4C3500C52E29 /* Forecast.swift */; };
		BF47123B1EDC71C700C52E29 /* Location.swift in Sources */ = {isa = PBXBuildFile; fileRef = BF47123A1EDC71C700C52E29 /* Location.swift */; };
		BF521EE21ED83DD100683B99 /* AppDelegate.swift in Sources */ = {isa = PBXBuildFile; fileRef = BF521EE11ED83DD100683B99 /* AppDelegate.swift */; };
		BF521EE41ED83DD100683B99 /* WeatherVC.swift in Sources */ = {isa = PBXBuildFile; fileRef = BF521EE31ED83DD100683B99 /* WeatherVC.swift */; };
		BF521EE71ED83DD100683B99 /* Main.storyboard in Resources */ = {isa = PBXBuildFile; fileRef = BF521EE51ED83DD100683B99 /* Main.storyboard */; };
		BF521EE91ED83DD100683B99 /* Assets.xcassets in Resources */ = {isa = PBXBuildFile; fileRef = BF521EE81ED83DD100683B99 /* Assets.xcassets */; };
		BF521EEC1ED83DD100683B99 /* LaunchScreen.storyboard in Resources */ = {isa = PBXBuildFile; fileRef = BF521EEA1ED83DD100683B99 /* LaunchScreen.storyboard */; };
		BF521EF41ED8805200683B99 /* WeatherCell.swift in Sources */ = {isa = PBXBuildFile; fileRef = BF521EF31ED8805200683B99 /* WeatherCell.swift */; };
/* End PBXBuildFile section */

/* Begin PBXFileReference section */
		1ACC4441ACDDFFEFEACB2EAF /* Pods_rainy.framework */ = {isa = PBXFileReference; explicitFileType = wrapper.framework; includeInIndex = 0; path = Pods_rainy.framework; sourceTree = BUILT_PRODUCTS_DIR; };
		9E0EC8CC64438387CB011E53 /* Pods-rainy.debug.xcconfig */ = {isa = PBXFileReference; includeInIndex = 1; lastKnownFileType = text.xcconfig; name = "Pods-rainy.debug.xcconfig"; path = "Pods/Target Support Files/Pods-rainy/Pods-rainy.debug.xcconfig"; sourceTree = "<group>"; };
		BF4712301EDC33F000C52E29 /* Constants.swift */ = {isa = PBXFileReference; fileEncoding = 4; lastKnownFileType = sourcecode.swift; path = Constants.swift; sourceTree = "<group>"; };
		BF4712321EDC359F00C52E29 /* CurrentWeather.swift */ = {isa = PBXFileReference; fileEncoding = 4; lastKnownFileType = sourcecode.swift; path = CurrentWeather.swift; sourceTree = "<group>"; };
		BF4712341EDC4C3500C52E29 /* Forecast.swift */ = {isa = PBXFileReference; fileEncoding = 4; lastKnownFileType = sourcecode.swift; path = Forecast.swift; sourceTree = "<group>"; };
		BF47123A1EDC71C700C52E29 /* Location.swift */ = {isa = PBXFileReference; fileEncoding = 4; lastKnownFileType = sourcecode.swift; path = Location.swift; sourceTree = "<group>"; };
		BF521EDE1ED83DD100683B99 /* rainy.app */ = {isa = PBXFileReference; explicitFileType = wrapper.application; includeInIndex = 0; path = rainy.app; sourceTree = BUILT_PRODUCTS_DIR; };
		BF521EE11ED83DD100683B99 /* AppDelegate.swift */ = {isa = PBXFileReference; lastKnownFileType = sourcecode.swift; path = AppDelegate.swift; sourceTree = "<group>"; };
		BF521EE31ED83DD100683B99 /* WeatherVC.swift */ = {isa = PBXFileReference; lastKnownFileType = sourcecode.swift; path = WeatherVC.swift; sourceTree = "<group>"; };
		BF521EE61ED83DD100683B99 /* Base */ = {isa = PBXFileReference; lastKnownFileType = file.storyboard; name = Base; path = Base.lproj/Main.storyboard; sourceTree = "<group>"; };
		BF521EE81ED83DD100683B99 /* Assets.xcassets */ = {isa = PBXFileReference; lastKnownFileType = folder.assetcatalog; path = Assets.xcassets; sourceTree = "<group>"; };
		BF521EEB1ED83DD100683B99 /* Base */ = {isa = PBXFileReference; lastKnownFileType = file.storyboard; name = Base; path = Base.lproj/LaunchScreen.storyboard; sourceTree = "<group>"; };
		BF521EED1ED83DD100683B99 /* Info.plist */ = {isa = PBXFileReference; lastKnownFileType = text.plist.xml; path = Info.plist; sourceTree = "<group>"; };
		BF521EF31ED8805200683B99 /* WeatherCell.swift */ = {isa = PBXFileReference; fileEncoding = 4; lastKnownFileType = sourcecode.swift; path = WeatherCell.swift; sourceTree = "<group>"; };
		EB572B39AB99B7483BBE664A /* Pods-rainy.release.xcconfig */ = {isa = PBXFileReference; includeInIndex = 1; lastKnownFileType = text.xcconfig; name = "Pods-rainy.release.xcconfig"; path = "Pods/Target Support Files/Pods-rainy/Pods-rainy.release.xcconfig"; sourceTree = "<group>"; };
/* End PBXFileReference section */

/* Begin PBXFrameworksBuildPhase section */
		BF521EDB1ED83DD100683B99 /* Frameworks */ = {
			isa = PBXFrameworksBuildPhase;
			buildActionMask = 2147483647;
			files = (
				713A8F934C300243D5BA7A21 /* Pods_rainy.framework in Frameworks */,
			);
			runOnlyForDeploymentPostprocessing = 0;
		};
/* End PBXFrameworksBuildPhase section */

/* Begin PBXGroup section */
		BF4712361EDC57AE00C52E29 /* Controller */ = {
			isa = PBXGroup;
			children = (
				BF521EE31ED83DD100683B99 /* WeatherVC.swift */,
			);
			name = Controller;
			sourceTree = "<group>";
		};
		BF4712371EDC57B500C52E29 /* Model */ = {
			isa = PBXGroup;
			children = (
				BF4712341EDC4C3500C52E29 /* Forecast.swift */,
				BF4712321EDC359F00C52E29 /* CurrentWeather.swift */,
			);
			name = Model;
			sourceTree = "<group>";
		};
		BF4712381EDC57B900C52E29 /* View */ = {
			isa = PBXGroup;
			children = (
				BF521EF31ED8805200683B99 /* WeatherCell.swift */,
			);
			name = View;
			sourceTree = "<group>";
		};
		BF4712391EDC57E600C52E29 /* Utils */ = {
			isa = PBXGroup;
			children = (
				BF4712301EDC33F000C52E29 /* Constants.swift */,
				BF47123A1EDC71C700C52E29 /* Location.swift */,
			);
			name = Utils;
			sourceTree = "<group>";
		};
		BF521ED51ED83DD100683B99 = {
			isa = PBXGroup;
			children = (
				BF521EE01ED83DD100683B99 /* rainy */,
				BF521EDF1ED83DD100683B99 /* Products */,
				C4015DDAC59CE4EA1FD32AEB /* Pods */,
				CFF7DA29EEF620FAF0845917 /* Frameworks */,
			);
			sourceTree = "<group>";
		};
		BF521EDF1ED83DD100683B99 /* Products */ = {
			isa = PBXGroup;
			children = (
				BF521EDE1ED83DD100683B99 /* rainy.app */,
			);
			name = Products;
			sourceTree = "<group>";
		};
		BF521EE01ED83DD100683B99 /* rainy */ = {
			isa = PBXGroup;
			children = (
				BF4712391EDC57E600C52E29 /* Utils */,
				BF4712371EDC57B500C52E29 /* Model */,
				BF4712381EDC57B900C52E29 /* View */,
				BF4712361EDC57AE00C52E29 /* Controller */,
				BF521EE11ED83DD100683B99 /* AppDelegate.swift */,
				BF521EE51ED83DD100683B99 /* Main.storyboard */,
				BF521EE81ED83DD100683B99 /* Assets.xcassets */,
				BF521EEA1ED83DD100683B99 /* LaunchScreen.storyboard */,
				BF521EED1ED83DD100683B99 /* Info.plist */,
			);
			path = rainy;
			sourceTree = "<group>";
		};
		C4015DDAC59CE4EA1FD32AEB /* Pods */ = {
			isa = PBXGroup;
			children = (
				9E0EC8CC64438387CB011E53 /* Pods-rainy.debug.xcconfig */,
				EB572B39AB99B7483BBE664A /* Pods-rainy.release.xcconfig */,
			);
			name = Pods;
			sourceTree = "<group>";
		};
		CFF7DA29EEF620FAF0845917 /* Frameworks */ = {
			isa = PBXGroup;
			children = (
				1ACC4441ACDDFFEFEACB2EAF /* Pods_rainy.framework */,
			);
			name = Frameworks;
			sourceTree = "<group>";
		};
/* End PBXGroup section */

/* Begin PBXNativeTarget section */
		BF521EDD1ED83DD100683B99 /* rainy */ = {
			isa = PBXNativeTarget;
			buildConfigurationList = BF521EF01ED83DD100683B99 /* Build configuration list for PBXNativeTarget "rainy" */;
			buildPhases = (
				E225BDD80680FA4CA3C562B5 /* [CP] Check Pods Manifest.lock */,
				BF521EDA1ED83DD100683B99 /* Sources */,
				BF521EDB1ED83DD100683B99 /* Frameworks */,
				BF521EDC1ED83DD100683B99 /* Resources */,
				3939DE78AE3F689C58E153C8 /* [CP] Embed Pods Frameworks */,
				B0CCF5412074DA88F198EE3D /* [CP] Copy Pods Resources */,
			);
			buildRules = (
			);
			dependencies = (
			);
			name = rainy;
			productName = rainy;
			productReference = BF521EDE1ED83DD100683B99 /* rainy.app */;
			productType = "com.apple.product-type.application";
		};
/* End PBXNativeTarget section */

/* Begin PBXProject section */
		BF521ED61ED83DD100683B99 /* Project object */ = {
			isa = PBXProject;
			attributes = {
				LastSwiftUpdateCheck = 0830;
				LastUpgradeCheck = 0900;
				ORGANIZATIONNAME = "Max Furman";
				TargetAttributes = {
					BF521EDD1ED83DD100683B99 = {
						CreatedOnToolsVersion = 8.3.2;
						DevelopmentTeam = SU634ZDD66;
						LastSwiftMigration = 0900;
						ProvisioningStyle = Automatic;
					};
				};
			};
			buildConfigurationList = BF521ED91ED83DD100683B99 /* Build configuration list for PBXProject "rainy" */;
			compatibilityVersion = "Xcode 3.2";
			developmentRegion = English;
			hasScannedForEncodings = 0;
			knownRegions = (
				en,
				Base,
			);
			mainGroup = BF521ED51ED83DD100683B99;
			productRefGroup = BF521EDF1ED83DD100683B99 /* Products */;
			projectDirPath = "";
			projectRoot = "";
			targets = (
				BF521EDD1ED83DD100683B99 /* rainy */,
			);
		};
/* End PBXProject section */

/* Begin PBXResourcesBuildPhase section */
		BF521EDC1ED83DD100683B99 /* Resources */ = {
			isa = PBXResourcesBuildPhase;
			buildActionMask = 2147483647;
			files = (
				BF521EEC1ED83DD100683B99 /* LaunchScreen.storyboard in Resources */,
				BF521EE91ED83DD100683B99 /* Assets.xcassets in Resources */,
				BF521EE71ED83DD100683B99 /* Main.storyboard in Resources */,
			);
			runOnlyForDeploymentPostprocessing = 0;
		};
/* End PBXResourcesBuildPhase section */

/* Begin PBXShellScriptBuildPhase section */
		3939DE78AE3F689C58E153C8 /* [CP] Embed Pods Frameworks */ = {
			isa = PBXShellScriptBuildPhase;
			buildActionMask = 2147483647;
			files = (
			);
			inputPaths = (
			);
			name = "[CP] Embed Pods Frameworks";
			outputPaths = (
			);
			runOnlyForDeploymentPostprocessing = 0;
			shellPath = /bin/sh;
			shellScript = "\"${SRCROOT}/Pods/Target Support Files/Pods-rainy/Pods-rainy-frameworks.sh\"\n";
			showEnvVarsInLog = 0;
		};
		B0CCF5412074DA88F198EE3D /* [CP] Copy Pods Resources */ = {
			isa = PBXShellScriptBuildPhase;
			buildActionMask = 2147483647;
			files = (
			);
			inputPaths = (
			);
			name = "[CP] Copy Pods Resources";
			outputPaths = (
			);
			runOnlyForDeploymentPostprocessing = 0;
			shellPath = /bin/sh;
			shellScript = "\"${SRCROOT}/Pods/Target Support Files/Pods-rainy/Pods-rainy-resources.sh\"\n";
			showEnvVarsInLog = 0;
		};
		E225BDD80680FA4CA3C562B5 /* [CP] Check Pods Manifest.lock */ = {
			isa = PBXShellScriptBuildPhase;
			buildActionMask = 2147483647;
			files = (
			);
			inputPaths = (
			);
			name = "[CP] Check Pods Manifest.lock";
			outputPaths = (
			);
			runOnlyForDeploymentPostprocessing = 0;
			shellPath = /bin/sh;
			shellScript = "diff \"${PODS_PODFILE_DIR_PATH}/Podfile.lock\" \"${PODS_ROOT}/Manifest.lock\" > /dev/null\nif [ $? != 0 ] ; then\n    # print error to STDERR\n    echo \"error: The sandbox is not in sync with the Podfile.lock. Run 'pod install' or update your CocoaPods installation.\" >&2\n    exit 1\nfi\n";
			showEnvVarsInLog = 0;
		};
/* End PBXShellScriptBuildPhase section */

/* Begin PBXSourcesBuildPhase section */
		BF521EDA1ED83DD100683B99 /* Sources */ = {
			isa = PBXSourcesBuildPhase;
			buildActionMask = 2147483647;
			files = (
				BF521EE41ED83DD100683B99 /* WeatherVC.swift in Sources */,
				BF4712331EDC359F00C52E29 /* CurrentWeather.swift in Sources */,
				BF521EE21ED83DD100683B99 /* AppDelegate.swift in Sources */,
				BF521EF41ED8805200683B99 /* WeatherCell.swift in Sources */,
				BF4712351EDC4C3500C52E29 /* Forecast.swift in Sources */,
				BF4712311EDC33F000C52E29 /* Constants.swift in Sources */,
				BF47123B1EDC71C700C52E29 /* Location.swift in Sources */,
			);
			runOnlyForDeploymentPostprocessing = 0;
		};
/* End PBXSourcesBuildPhase section */

/* Begin PBXVariantGroup section */
		BF521EE51ED83DD100683B99 /* Main.storyboard */ = {
			isa = PBXVariantGroup;
			children = (
				BF521EE61ED83DD100683B99 /* Base */,
			);
			name = Main.storyboard;
			sourceTree = "<group>";
		};
		BF521EEA1ED83DD100683B99 /* LaunchScreen.storyboard */ = {
			isa = PBXVariantGroup;
			children = (
				BF521EEB1ED83DD100683B99 /* Base */,
			);
			name = LaunchScreen.storyboard;
			sourceTree = "<group>";
		};
/* End PBXVariantGroup section */

/* Begin XCBuildConfiguration section */
		BF521EEE1ED83DD100683B99 /* Debug */ = {
			isa = XCBuildConfiguration;
			buildSettings = {
				ALWAYS_SEARCH_USER_PATHS = NO;
				CLANG_ANALYZER_NONNULL = YES;
				CLANG_ANALYZER_NUMBER_OBJECT_CONVERSION = YES_AGGRESSIVE;
				CLANG_CXX_LANGUAGE_STANDARD = "gnu++0x";
				CLANG_CXX_LIBRARY = "libc++";
				CLANG_ENABLE_MODULES = YES;
				CLANG_ENABLE_OBJC_ARC = YES;
				CLANG_WARN_BLOCK_CAPTURE_AUTORELEASING = YES;
				CLANG_WARN_BOOL_CONVERSION = YES;
				CLANG_WARN_COMMA = YES;
				CLANG_WARN_CONSTANT_CONVERSION = YES;
				CLANG_WARN_DIRECT_OBJC_ISA_USAGE = YES_ERROR;
				CLANG_WARN_DOCUMENTATION_COMMENTS = YES;
				CLANG_WARN_EMPTY_BODY = YES;
				CLANG_WARN_ENUM_CONVERSION = YES;
				CLANG_WARN_INFINITE_RECURSION = YES;
				CLANG_WARN_INT_CONVERSION = YES;
				CLANG_WARN_NON_LITERAL_NULL_CONVERSION = YES;
				CLANG_WARN_OBJC_LITERAL_CONVERSION = YES;
				CLANG_WARN_OBJC_ROOT_CLASS = YES_ERROR;
				CLANG_WARN_RANGE_LOOP_ANALYSIS = YES;
				CLANG_WARN_STRICT_PROTOTYPES = YES;
				CLANG_WARN_SUSPICIOUS_MOVE = YES;
				CLANG_WARN_UNREACHABLE_CODE = YES;
				CLANG_WARN__DUPLICATE_METHOD_MATCH = YES;
				"CODE_SIGN_IDENTITY[sdk=iphoneos*]" = "iPhone Developer";
				COPY_PHASE_STRIP = NO;
				DEBUG_INFORMATION_FORMAT = dwarf;
				ENABLE_STRICT_OBJC_MSGSEND = YES;
				ENABLE_TESTABILITY = YES;
				GCC_C_LANGUAGE_STANDARD = gnu99;
				GCC_DYNAMIC_NO_PIC = NO;
				GCC_NO_COMMON_BLOCKS = YES;
				GCC_OPTIMIZATION_LEVEL = 0;
				GCC_PREPROCESSOR_DEFINITIONS = (
					"DEBUG=1",
					"$(inherited)",
				);
				GCC_WARN_64_TO_32_BIT_CONVERSION = YES;
				GCC_WARN_ABOUT_RETURN_TYPE = YES_ERROR;
				GCC_WARN_UNDECLARED_SELECTOR = YES;
				GCC_WARN_UNINITIALIZED_AUTOS = YES_AGGRESSIVE;
				GCC_WARN_UNUSED_FUNCTION = YES;
				GCC_WARN_UNUSED_VARIABLE = YES;
				IPHONEOS_DEPLOYMENT_TARGET = 10.3;
				MTL_ENABLE_DEBUG_INFO = YES;
				ONLY_ACTIVE_ARCH = YES;
				SDKROOT = iphoneos;
				SWIFT_ACTIVE_COMPILATION_CONDITIONS = DEBUG;
				SWIFT_OPTIMIZATION_LEVEL = "-Onone";
				SWIFT_SWIFT3_OBJC_INFERENCE = Off;
			};
			name = Debug;
		};
		BF521EEF1ED83DD100683B99 /* Release */ = {
			isa = XCBuildConfiguration;
			buildSettings = {
				ALWAYS_SEARCH_USER_PATHS = NO;
				CLANG_ANALYZER_NONNULL = YES;
				CLANG_ANALYZER_NUMBER_OBJECT_CONVERSION = YES_AGGRESSIVE;
				CLANG_CXX_LANGUAGE_STANDARD = "gnu++0x";
				CLANG_CXX_LIBRARY = "libc++";
				CLANG_ENABLE_MODULES = YES;
				CLANG_ENABLE_OBJC_ARC = YES;
				CLANG_WARN_BLOCK_CAPTURE_AUTORELEASING = YES;
				CLANG_WARN_BOOL_CONVERSION = YES;
				CLANG_WARN_COMMA = YES;
				CLANG_WARN_CONSTANT_CONVERSION = YES;
				CLANG_WARN_DIRECT_OBJC_ISA_USAGE = YES_ERROR;
				CLANG_WARN_DOCUMENTATION_COMMENTS = YES;
				CLANG_WARN_EMPTY_BODY = YES;
				CLANG_WARN_ENUM_CONVERSION = YES;
				CLANG_WARN_INFINITE_RECURSION = YES;
				CLANG_WARN_INT_CONVERSION = YES;
				CLANG_WARN_NON_LITERAL_NULL_CONVERSION = YES;
				CLANG_WARN_OBJC_LITERAL_CONVERSION = YES;
				CLANG_WARN_OBJC_ROOT_CLASS = YES_ERROR;
				CLANG_WARN_RANGE_LOOP_ANALYSIS = YES;
				CLANG_WARN_STRICT_PROTOTYPES = YES;
				CLANG_WARN_SUSPICIOUS_MOVE = YES;
				CLANG_WARN_UNREACHABLE_CODE = YES;
				CLANG_WARN__DUPLICATE_METHOD_MATCH = YES;
				"CODE_SIGN_IDENTITY[sdk=iphoneos*]" = "iPhone Developer";
				COPY_PHASE_STRIP = NO;
				DEBUG_INFORMATION_FORMAT = "dwarf-with-dsym";
				ENABLE_NS_ASSERTIONS = NO;
				ENABLE_STRICT_OBJC_MSGSEND = YES;
				GCC_C_LANGUAGE_STANDARD = gnu99;
				GCC_NO_COMMON_BLOCKS = YES;
				GCC_WARN_64_TO_32_BIT_CONVERSION = YES;
				GCC_WARN_ABOUT_RETURN_TYPE = YES_ERROR;
				GCC_WARN_UNDECLARED_SELECTOR = YES;
				GCC_WARN_UNINITIALIZED_AUTOS = YES_AGGRESSIVE;
				GCC_WARN_UNUSED_FUNCTION = YES;
				GCC_WARN_UNUSED_VARIABLE = YES;
				IPHONEOS_DEPLOYMENT_TARGET = 10.3;
				MTL_ENABLE_DEBUG_INFO = NO;
				SDKROOT = iphoneos;
				SWIFT_OPTIMIZATION_LEVEL = "-Owholemodule";
				SWIFT_SWIFT3_OBJC_INFERENCE = Off;
				VALIDATE_PRODUCT = YES;
			};
			name = Release;
		};
		BF521EF11ED83DD100683B99 /* Debug */ = {
			isa = XCBuildConfiguration;
			baseConfigurationReference = 9E0EC8CC64438387CB011E53 /* Pods-rainy.debug.xcconfig */;
			buildSettings = {
				ASSETCATALOG_COMPILER_APPICON_NAME = "AppIcon-1";
				DEVELOPMENT_TEAM = SU634ZDD66;
				INFOPLIST_FILE = rainy/Info.plist;
				IPHONEOS_DEPLOYMENT_TARGET = 10.2;
				LD_RUNPATH_SEARCH_PATHS = "$(inherited) @executable_path/Frameworks";
				PRODUCT_BUNDLE_IDENTIFIER = com.maxfurman.rainy;
				PRODUCT_NAME = "$(TARGET_NAME)";
				SWIFT_SWIFT3_OBJC_INFERENCE = Off;
				SWIFT_VERSION = 4.0;
			};
			name = Debug;
		};
		BF521EF21ED83DD100683B99 /* Release */ = {
			isa = XCBuildConfiguration;
			baseConfigurationReference = EB572B39AB99B7483BBE664A /* Pods-rainy.release.xcconfig */;
			buildSettings = {
				ASSETCATALOG_COMPILER_APPICON_NAME = "AppIcon-1";
				DEVELOPMENT_TEAM = SU634ZDD66;
				INFOPLIST_FILE = rainy/Info.plist;
				IPHONEOS_DEPLOYMENT_TARGET = 10.2;
				LD_RUNPATH_SEARCH_PATHS = "$(inherited) @executable_path/Frameworks";
				PRODUCT_BUNDLE_IDENTIFIER = com.maxfurman.rainy;
				PRODUCT_NAME = "$(TARGET_NAME)";
				SWIFT_SWIFT3_OBJC_INFERENCE = Off;
				SWIFT_VERSION = 4.0;
			};
			name = Release;
		};
/* End XCBuildConfiguration section */

/* Begin XCConfigurationList section */
		BF521ED91ED83DD100683B99 /* Build configuration list for PBXProject "rainy" */ = {
			isa = XCConfigurationList;
			buildConfigurations = (
				BF521EEE1ED83DD100683B99 /* Debug */,
				BF521EEF1ED83DD100683B99 /* Release */,
			);
			defaultConfigurationIsVisible = 0;
			defaultConfigurationName = Release;
		};
		BF521EF01ED83DD100683B99 /* Build configuration list for PBXNativeTarget "rainy" */ = {
			isa = XCConfigurationList;
			buildConfigurations = (
				BF521EF11ED83DD100683B99 /* Debug */,
				BF521EF21ED83DD100683B99 /* Release */,
			);
			defaultConfigurationIsVisible = 0;
			defaultConfigurationName = Release;
		};
/* End XCConfigurationList section */
	};
	rootObject = BF521ED61ED83DD100683B99 /* Project object */;
}
